// !$*UTF8*$!
{
	archiveVersion = 1;
	classes = {
	};
	objectVersion = 77;
	objects = {

/* Begin PBXBuildFile section */
		A30000000000000000000001 /* AppDebugControl in Frameworks */ = {isa = PBXBuildFile; productRef = A30000000000000000000003 /* AppDebugControl */; };
		A10000000000000000000001 /* TourSessionCore in Frameworks */ = {isa = PBXBuildFile; productRef = A10000000000000000000003 /* TourSessionCore */; };
		A20000000000000000000001 /* MapLibre in Frameworks */ = {isa = PBXBuildFile; productRef = A20000000000000000000003 /* MapLibre */; };
/* End PBXBuildFile section */

/* Begin PBXContainerItemProxy section */
		D95FA5F62F71F52100456E8F /* PBXContainerItemProxy */ = {
			isa = PBXContainerItemProxy;
			containerPortal = D95FA5DE2F71F52100456E8F /* Project object */;
			proxyType = 1;
			remoteGlobalIDString = D95FA5E52F71F52100456E8F;
			remoteInfo = GetOverHere;
		};
		D95FA6002F71F52200456E8F /* PBXContainerItemProxy */ = {
			isa = PBXContainerItemProxy;
			containerPortal = D95FA5DE2F71F52100456E8F /* Project object */;
			proxyType = 1;
			remoteGlobalIDString = D95FA5E52F71F52100456E8F;
			remoteInfo = GetOverHere;
		};
/* End PBXContainerItemProxy section */

/* Begin PBXFileReference section */
		D95FA5E62F71F52100456E8F /* GetOverHere.app */ = {isa = PBXFileReference; explicitFileType = wrapper.application; includeInIndex = 0; path = GetOverHere.app; sourceTree = BUILT_PRODUCTS_DIR; };
		D95FA5F52F71F52100456E8F /* GetOverHereTests.xctest */ = {isa = PBXFileReference; explicitFileType = wrapper.cfbundle; includeInIndex = 0; path = GetOverHereTests.xctest; sourceTree = BUILT_PRODUCTS_DIR; };
		D95FA5FF2F71F52200456E8F /* GetOverHereUITests.xctest */ = {isa = PBXFileReference; explicitFileType = wrapper.cfbundle; includeInIndex = 0; path = GetOverHereUITests.xctest; sourceTree = BUILT_PRODUCTS_DIR; };
/* End PBXFileReference section */

/* Begin PBXFileSystemSynchronizedBuildFileExceptionSet section */
		D95FA6202F71F52300456E8F /* Exceptions for "GetOverHere" folder in "GetOverHere" target */ = {
			isa = PBXFileSystemSynchronizedBuildFileExceptionSet;
			membershipExceptions = (
				Info.plist,
				Info.Debug.plist,
			);
			target = D95FA5E52F71F52100456E8F /* GetOverHere */;
		};
/* End PBXFileSystemSynchronizedBuildFileExceptionSet section */

/* Begin PBXFileSystemSynchronizedRootGroup section */
		D95FA5E82F71F52100456E8F /* GetOverHere */ = {
			isa = PBXFileSystemSynchronizedRootGroup;
			exceptions = (
				D95FA6202F71F52300456E8F /* Exceptions for "GetOverHere" folder in "GetOverHere" target */,
			);
			path = GetOverHere;
			sourceTree = "<group>";
		};
		D95FA5F82F71F52100456E8F /* GetOverHereTests */ = {
			isa = PBXFileSystemSynchronizedRootGroup;
			path = GetOverHereTests;
			sourceTree = "<group>";
		};
		D95FA6022F71F52200456E8F /* GetOverHereUITests */ = {
			isa = PBXFileSystemSynchronizedRootGroup;
			path = GetOverHereUITests;
			sourceTree = "<group>";
		};
/* End PBXFileSystemSynchronizedRootGroup section */

/* Begin PBXFrameworksBuildPhase section */
		D95FA5E32F71F52100456E8F /* Frameworks */ = {
			isa = PBXFrameworksBuildPhase;
			buildActionMask = 2147483647;
			files = (
				A30000000000000000000001 /* AppDebugControl in Frameworks */,
				A10000000000000000000001 /* TourSessionCore in Frameworks */,
				A20000000000000000000001 /* MapLibre in Frameworks */,
			);
			runOnlyForDeploymentPostprocessing = 0;
		};
		D95FA5F22F71F52100456E8F /* Frameworks */ = {
			isa = PBXFrameworksBuildPhase;
			buildActionMask = 2147483647;
			files = (
			);
			runOnlyForDeploymentPostprocessing = 0;
		};
		D95FA5FC2F71F52200456E8F /* Frameworks */ = {
			isa = PBXFrameworksBuildPhase;
			buildActionMask = 2147483647;
			files = (
			);
			runOnlyForDeploymentPostprocessing = 0;
		};
/* End PBXFrameworksBuildPhase section */

/* Begin PBXGroup section */
		D95FA5DD2F71F52100456E8F = {
			isa = PBXGroup;
			children = (
				D95FA5E82F71F52100456E8F /* GetOverHere */,
				D95FA5F82F71F52100456E8F /* GetOverHereTests */,
				D95FA6022F71F52200456E8F /* GetOverHereUITests */,
				D95FA5E72F71F52100456E8F /* Products */,
			);
			sourceTree = "<group>";
		};
		D95FA5E72F71F52100456E8F /* Products */ = {
			isa = PBXGroup;
			children = (
				D95FA5E62F71F52100456E8F /* GetOverHere.app */,
				D95FA5F52F71F52100456E8F /* GetOverHereTests.xctest */,
				D95FA5FF2F71F52200456E8F /* GetOverHereUITests.xctest */,
			);
			name = Products;
			sourceTree = "<group>";
		};
/* End PBXGroup section */

/* Begin PBXNativeTarget section */
		D95FA5E52F71F52100456E8F /* GetOverHere */ = {
			isa = PBXNativeTarget;
			buildConfigurationList = D95FA6092F71F52200456E8F /* Build configuration list for PBXNativeTarget "GetOverHere" */;
			buildPhases = (
				D95FA5E22F71F52100456E8F /* Sources */,
				D95FA5E32F71F52100456E8F /* Frameworks */,
				D95FA5E42F71F52100456E8F /* Resources */,
			);
			buildRules = (
			);
			dependencies = (
			);
			fileSystemSynchronizedGroups = (
				D95FA5E82F71F52100456E8F /* GetOverHere */,
			);
			name = GetOverHere;
			packageProductDependencies = (
				A30000000000000000000003 /* AppDebugControl */,
				A10000000000000000000003 /* TourSessionCore */,
				A20000000000000000000003 /* MapLibre */,
			);
			productName = GetOverHere;
			productReference = D95FA5E62F71F52100456E8F /* GetOverHere.app */;
			productType = "com.apple.product-type.application";
		};
		D95FA5F42F71F52100456E8F /* GetOverHereTests */ = {
			isa = PBXNativeTarget;
			buildConfigurationList = D95FA60C2F71F52200456E8F /* Build configuration list for PBXNativeTarget "GetOverHereTests" */;
			buildPhases = (
				D95FA5F12F71F52100456E8F /* Sources */,
				D95FA5F22F71F52100456E8F /* Frameworks */,
				D95FA5F32F71F52100456E8F /* Resources */,
			);
			buildRules = (
			);
			dependencies = (
				D95FA5F72F71F52100456E8F /* PBXTargetDependency */,
			);
			fileSystemSynchronizedGroups = (
				D95FA5F82F71F52100456E8F /* GetOverHereTests */,
			);
			name = GetOverHereTests;
			packageProductDependencies = (
			);
			productName = GetOverHereTests;
			productReference = D95FA5F52F71F52100456E8F /* GetOverHereTests.xctest */;
			productType = "com.apple.product-type.bundle.unit-test";
		};
		D95FA5FE2F71F52200456E8F /* GetOverHereUITests */ = {
			isa = PBXNativeTarget;
			buildConfigurationList = D95FA60F2F71F52200456E8F /* Build configuration list for PBXNativeTarget "GetOverHereUITests" */;
			buildPhases = (
				D95FA5FB2F71F52200456E8F /* Sources */,
				D95FA5FC2F71F52200456E8F /* Frameworks */,
				D95FA5FD2F71F52200456E8F /* Resources */,
			);
			buildRules = (
			);
			dependencies = (
				D95FA6012F71F52200456E8F /* PBXTargetDependency */,
			);
			fileSystemSynchronizedGroups = (
				D95FA6022F71F52200456E8F /* GetOverHereUITests */,
			);
			name = GetOverHereUITests;
			packageProductDependencies = (
			);
			productName = GetOverHereUITests;
			productReference = D95FA5FF2F71F52200456E8F /* GetOverHereUITests.xctest */;
			productType = "com.apple.product-type.bundle.ui-testing";
		};
/* End PBXNativeTarget section */

/* Begin PBXProject section */
		D95FA5DE2F71F52100456E8F /* Project object */ = {
			isa = PBXProject;
			attributes = {
				BuildIndependentTargetsInParallel = 1;
				LastSwiftUpdateCheck = 2630;
				LastUpgradeCheck = 2630;
				TargetAttributes = {
					D95FA5E52F71F52100456E8F = {
						CreatedOnToolsVersion = 26.3;
					};
					D95FA5F42F71F52100456E8F = {
						CreatedOnToolsVersion = 26.3;
						TestTargetID = D95FA5E52F71F52100456E8F;
					};
					D95FA5FE2F71F52200456E8F = {
						CreatedOnToolsVersion = 26.3;
						TestTargetID = D95FA5E52F71F52100456E8F;
					};
				};
			};
			buildConfigurationList = D95FA5E12F71F52100456E8F /* Build configuration list for PBXProject "GetOverHere" */;
			developmentRegion = en;
			hasScannedForEncodings = 0;
			knownRegions = (
				en,
				Base,
			);
			mainGroup = D95FA5DD2F71F52100456E8F;
			minimizedProjectReferenceProxies = 1;
			packageReferences = (
				A10000000000000000000005 /* XCLocalSwiftPackageReference "../Packages/TourSessionCore" */,
				A30000000000000000000005 /* XCLocalSwiftPackageReference "../Packages/AppDebugControl" */,
				A20000000000000000000005 /* XCRemoteSwiftPackageReference "maplibre-gl-native-distribution" */,
			);
			preferredProjectObjectVersion = 77;
			productRefGroup = D95FA5E72F71F52100456E8F /* Products */;
			projectDirPath = "";
			projectRoot = "";
			targets = (
				D95FA5E52F71F52100456E8F /* GetOverHere */,
				D95FA5F42F71F52100456E8F /* GetOverHereTests */,
				D95FA5FE2F71F52200456E8F /* GetOverHereUITests */,
			);
		};
/* End PBXProject section */

/* Begin PBXResourcesBuildPhase section */
		D95FA5E42F71F52100456E8F /* Resources */ = {
			isa = PBXResourcesBuildPhase;
			buildActionMask = 2147483647;
			files = (
			);
			runOnlyForDeploymentPostprocessing = 0;
		};
		D95FA5F32F71F52100456E8F /* Resources */ = {
			isa = PBXResourcesBuildPhase;
			buildActionMask = 2147483647;
			files = (
			);
			runOnlyForDeploymentPostprocessing = 0;
		};
		D95FA5FD2F71F52200456E8F /* Resources */ = {
			isa = PBXResourcesBuildPhase;
			buildActionMask = 2147483647;
			files = (
			);
			runOnlyForDeploymentPostprocessing = 0;
		};
/* End PBXResourcesBuildPhase section */

/* Begin PBXSourcesBuildPhase section */
		D95FA5E22F71F52100456E8F /* Sources */ = {
			isa = PBXSourcesBuildPhase;
			buildActionMask = 2147483647;
			files = (
			);
			runOnlyForDeploymentPostprocessing = 0;
		};
		D95FA5F12F71F52100456E8F /* Sources */ = {
			isa = PBXSourcesBuildPhase;
			buildActionMask = 2147483647;
			files = (
			);
			runOnlyForDeploymentPostprocessing = 0;
		};
		D95FA5FB2F71F52200456E8F /* Sources */ = {
			isa = PBXSourcesBuildPhase;
			buildActionMask = 2147483647;
			files = (
			);
			runOnlyForDeploymentPostprocessing = 0;
		};
/* End PBXSourcesBuildPhase section */

/* Begin PBXTargetDependency section */
		D95FA5F72F71F52100456E8F /* PBXTargetDependency */ = {
			isa = PBXTargetDependency;
			target = D95FA5E52F71F52100456E8F /* GetOverHere */;
			targetProxy = D95FA5F62F71F52100456E8F /* PBXContainerItemProxy */;
		};
		D95FA6012F71F52200456E8F /* PBXTargetDependency */ = {
			isa = PBXTargetDependency;
			target = D95FA5E52F71F52100456E8F /* GetOverHere */;
			targetProxy = D95FA6002F71F52200456E8F /* PBXContainerItemProxy */;
		};
/* End PBXTargetDependency section */

/* Begin XCBuildConfiguration section */
		D95FA6072F71F52200456E8F /* Debug */ = {
			isa = XCBuildConfiguration;
			buildSettings = {
				ALWAYS_SEARCH_USER_PATHS = NO;
				ASSETCATALOG_COMPILER_GENERATE_SWIFT_ASSET_SYMBOL_EXTENSIONS = YES;
				CLANG_ANALYZER_NONNULL = YES;
				CLANG_ANALYZER_NUMBER_OBJECT_CONVERSION = YES_AGGRESSIVE;
				CLANG_CXX_LANGUAGE_STANDARD = "gnu++20";
				CLANG_ENABLE_MODULES = YES;
				CLANG_ENABLE_OBJC_ARC = YES;
				CLANG_ENABLE_OBJC_WEAK = YES;
				CLANG_WARN_BLOCK_CAPTURE_AUTORELEASING = YES;
				CLANG_WARN_BOOL_CONVERSION = YES;
				CLANG_WARN_COMMA = YES;
				CLANG_WARN_CONSTANT_CONVERSION = YES;
				CLANG_WARN_DEPRECATED_OBJC_IMPLEMENTATIONS = YES;
				CLANG_WARN_DIRECT_OBJC_ISA_USAGE = YES_ERROR;
				CLANG_WARN_DOCUMENTATION_COMMENTS = YES;
				CLANG_WARN_EMPTY_BODY = YES;
				CLANG_WARN_ENUM_CONVERSION = YES;
				CLANG_WARN_INFINITE_RECURSION = YES;
				CLANG_WARN_INT_CONVERSION = YES;
				CLANG_WARN_NON_LITERAL_NULL_CONVERSION = YES;
				CLANG_WARN_OBJC_IMPLICIT_RETAIN_SELF = YES;
				CLANG_WARN_OBJC_LITERAL_CONVERSION = YES;
				CLANG_WARN_OBJC_ROOT_CLASS = YES_ERROR;
				CLANG_WARN_QUOTED_INCLUDE_IN_FRAMEWORK_HEADER = YES;
				CLANG_WARN_RANGE_LOOP_ANALYSIS = YES;
				CLANG_WARN_STRICT_PROTOTYPES = YES;
				CLANG_WARN_SUSPICIOUS_MOVE = YES;
				CLANG_WARN_UNGUARDED_AVAILABILITY = YES_AGGRESSIVE;
				CLANG_WARN_UNREACHABLE_CODE = YES;
				CLANG_WARN__DUPLICATE_METHOD_MATCH = YES;
				COPY_PHASE_STRIP = NO;
				DEBUG_INFORMATION_FORMAT = dwarf;
				DEVELOPMENT_TEAM = VW9YC3A6JM;
				ENABLE_STRICT_OBJC_MSGSEND = YES;
				ENABLE_TESTABILITY = YES;
				ENABLE_USER_SCRIPT_SANDBOXING = YES;
				GCC_C_LANGUAGE_STANDARD = gnu17;
				GCC_DYNAMIC_NO_PIC = NO;
				GCC_NO_COMMON_BLOCKS = YES;
				GCC_OPTIMIZATION_LEVEL = 0;
				GCC_PREPROCESSOR_DEFINITIONS = (
					"DEBUG=1",
					"$(inherited)",
				);
				GCC_WARN_64_TO_32_BIT_CONVERSION = YES;
				GCC_WARN_ABOUT_RETURN_TYPE = YES_ERROR;
				GCC_WARN_UNDECLARED_SELECTOR = YES;
				GCC_WARN_UNINITIALIZED_AUTOS = YES_AGGRESSIVE;
				GCC_WARN_UNUSED_FUNCTION = YES;
				GCC_WARN_UNUSED_VARIABLE = YES;
				IPHONEOS_DEPLOYMENT_TARGET = 17.0;
				LOCALIZATION_PREFERS_STRING_CATALOGS = YES;
				MTL_ENABLE_DEBUG_INFO = INCLUDE_SOURCE;
				MTL_FAST_MATH = YES;
				ONLY_ACTIVE_ARCH = YES;
				SDKROOT = iphoneos;
				SWIFT_ACTIVE_COMPILATION_CONDITIONS = "DEBUG $(inherited)";
				SWIFT_OPTIMIZATION_LEVEL = "-Onone";
			};
			name = Debug;
		};
		D95FA6082F71F52200456E8F /* Release */ = {
			isa = XCBuildConfiguration;
			buildSettings = {
				ALWAYS_SEARCH_USER_PATHS = NO;
				ASSETCATALOG_COMPILER_GENERATE_SWIFT_ASSET_SYMBOL_EXTENSIONS = YES;
				CLANG_ANALYZER_NONNULL = YES;
				CLANG_ANALYZER_NUMBER_OBJECT_CONVERSION = YES_AGGRESSIVE;
				CLANG_CXX_LANGUAGE_STANDARD = "gnu++20";
				CLANG_ENABLE_MODULES = YES;
				CLANG_ENABLE_OBJC_ARC = YES;
				CLANG_ENABLE_OBJC_WEAK = YES;
				CLANG_WARN_BLOCK_CAPTURE_AUTORELEASING = YES;
				CLANG_WARN_BOOL_CONVERSION = YES;
				CLANG_WARN_COMMA = YES;
				CLANG_WARN_CONSTANT_CONVERSION = YES;
				CLANG_WARN_DEPRECATED_OBJC_IMPLEMENTATIONS = YES;
				CLANG_WARN_DIRECT_OBJC_ISA_USAGE = YES_ERROR;
				CLANG_WARN_DOCUMENTATION_COMMENTS = YES;
				CLANG_WARN_EMPTY_BODY = YES;
				CLANG_WARN_ENUM_CONVERSION = YES;
				CLANG_WARN_INFINITE_RECURSION = YES;
				CLANG_WARN_INT_CONVERSION = YES;
				CLANG_WARN_NON_LITERAL_NULL_CONVERSION = YES;
				CLANG_WARN_OBJC_IMPLICIT_RETAIN_SELF = YES;
				CLANG_WARN_OBJC_LITERAL_CONVERSION = YES;
				CLANG_WARN_OBJC_ROOT_CLASS = YES_ERROR;
				CLANG_WARN_QUOTED_INCLUDE_IN_FRAMEWORK_HEADER = YES;
				CLANG_WARN_RANGE_LOOP_ANALYSIS = YES;
				CLANG_WARN_STRICT_PROTOTYPES = YES;
				CLANG_WARN_SUSPICIOUS_MOVE = YES;
				CLANG_WARN_UNGUARDED_AVAILABILITY = YES_AGGRESSIVE;
				CLANG_WARN_UNREACHABLE_CODE = YES;
				CLANG_WARN__DUPLICATE_METHOD_MATCH = YES;
				COPY_PHASE_STRIP = NO;
				DEBUG_INFORMATION_FORMAT = "dwarf-with-dsym";
				DEVELOPMENT_TEAM = VW9YC3A6JM;
				ENABLE_NS_ASSERTIONS = NO;
				ENABLE_STRICT_OBJC_MSGSEND = YES;
				ENABLE_USER_SCRIPT_SANDBOXING = YES;
				GCC_C_LANGUAGE_STANDARD = gnu17;
				GCC_NO_COMMON_BLOCKS = YES;
				GCC_WARN_64_TO_32_BIT_CONVERSION = YES;
				GCC_WARN_ABOUT_RETURN_TYPE = YES_ERROR;
				GCC_WARN_UNDECLARED_SELECTOR = YES;
				GCC_WARN_UNINITIALIZED_AUTOS = YES_AGGRESSIVE;
				GCC_WARN_UNUSED_FUNCTION = YES;
				GCC_WARN_UNUSED_VARIABLE = YES;
				IPHONEOS_DEPLOYMENT_TARGET = 17.0;
				LOCALIZATION_PREFERS_STRING_CATALOGS = YES;
				MTL_ENABLE_DEBUG_INFO = NO;
				MTL_FAST_MATH = YES;
				SDKROOT = iphoneos;
				SWIFT_COMPILATION_MODE = wholemodule;
				VALIDATE_PRODUCT = YES;
			};
			name = Release;
		};
		D95FA60A2F71F52200456E8F /* Debug */ = {
			isa = XCBuildConfiguration;
			buildSettings = {
				ASSETCATALOG_COMPILER_APPICON_NAME = AppIcon;
				ASSETCATALOG_COMPILER_GLOBAL_ACCENT_COLOR_NAME = AccentColor;
				CODE_SIGN_ENTITLEMENTS = GetOverHere/GetOverHere.entitlements;
				CODE_SIGN_STYLE = Automatic;
				CURRENT_PROJECT_VERSION = 1;
				DEVELOPMENT_TEAM = VW9YC3A6JM;
				ENABLE_PREVIEWS = YES;
				GENERATE_INFOPLIST_FILE = YES;
				INFOPLIST_FILE = GetOverHere/Info.Debug.plist;
				INFOPLIST_KEY_UIApplicationSceneManifest_Generation = YES;
				INFOPLIST_KEY_UIApplicationSupportsIndirectInputEvents = YES;
				INFOPLIST_KEY_UILaunchScreen_Generation = YES;
				INFOPLIST_KEY_UISupportedInterfaceOrientations_iPad = "UIInterfaceOrientationPortrait UIInterfaceOrientationPortraitUpsideDown UIInterfaceOrientationLandscapeLeft UIInterfaceOrientationLandscapeRight";
				INFOPLIST_KEY_UISupportedInterfaceOrientations_iPhone = "UIInterfaceOrientationPortrait UIInterfaceOrientationLandscapeLeft UIInterfaceOrientationLandscapeRight";
				LD_RUNPATH_SEARCH_PATHS = (
					"$(inherited)",
					"@executable_path/Frameworks",
				);
				MARKETING_VERSION = 1.0;
				PRODUCT_BUNDLE_IDENTIFIER = com.aens.GetOverHere;
				PRODUCT_NAME = "$(TARGET_NAME)";
				STRING_CATALOG_GENERATE_SYMBOLS = YES;
				SWIFT_APPROACHABLE_CONCURRENCY = YES;
				SWIFT_DEFAULT_ACTOR_ISOLATION = MainActor;
				SWIFT_EMIT_LOC_STRINGS = YES;
				SWIFT_UPCOMING_FEATURE_MEMBER_IMPORT_VISIBILITY = YES;
				SWIFT_VERSION = 5.0;
				TARGETED_DEVICE_FAMILY = "1,2";
			};
			name = Debug;
		};
		D95FA60B2F71F52200456E8F /* Release */ = {
			isa = XCBuildConfiguration;
			buildSettings = {
				ASSETCATALOG_COMPILER_APPICON_NAME = AppIcon;
				ASSETCATALOG_COMPILER_GLOBAL_ACCENT_COLOR_NAME = AccentColor;
				CODE_SIGN_ENTITLEMENTS = GetOverHere/GetOverHere.entitlements;
				CODE_SIGN_STYLE = Automatic;
				CURRENT_PROJECT_VERSION = 1;
				DEVELOPMENT_TEAM = VW9YC3A6JM;
				ENABLE_PREVIEWS = YES;
				GENERATE_INFOPLIST_FILE = YES;
				INFOPLIST_FILE = GetOverHere/Info.plist;
				INFOPLIST_KEY_UIApplicationSceneManifest_Generation = YES;
				INFOPLIST_KEY_UIApplicationSupportsIndirectInputEvents = YES;
				INFOPLIST_KEY_UILaunchScreen_Generation = YES;
				INFOPLIST_KEY_UISupportedInterfaceOrientations_iPad = "UIInterfaceOrientationPortrait UIInterfaceOrientationPortraitUpsideDown UIInterfaceOrientationLandscapeLeft UIInterfaceOrientationLandscapeRight";
				INFOPLIST_KEY_UISupportedInterfaceOrientations_iPhone = "UIInterfaceOrientationPortrait UIInterfaceOrientationLandscapeLeft UIInterfaceOrientationLandscapeRight";
				LD_RUNPATH_SEARCH_PATHS = (
					"$(inherited)",
					"@executable_path/Frameworks",
				);
				MARKETING_VERSION = 1.0;
				PRODUCT_BUNDLE_IDENTIFIER = com.aens.GetOverHere;
				PRODUCT_NAME = "$(TARGET_NAME)";
				STRING_CATALOG_GENERATE_SYMBOLS = YES;
				SWIFT_APPROACHABLE_CONCURRENCY = YES;
				SWIFT_DEFAULT_ACTOR_ISOLATION = MainActor;
				SWIFT_EMIT_LOC_STRINGS = YES;
				SWIFT_UPCOMING_FEATURE_MEMBER_IMPORT_VISIBILITY = YES;
				SWIFT_VERSION = 5.0;
				TARGETED_DEVICE_FAMILY = "1,2";
			};
			name = Release;
		};
		D95FA60D2F71F52200456E8F /* Debug */ = {
			isa = XCBuildConfiguration;
			buildSettings = {
				BUNDLE_LOADER = "$(TEST_HOST)";
				CODE_SIGN_STYLE = Automatic;
				CURRENT_PROJECT_VERSION = 1;
				DEVELOPMENT_TEAM = VW9YC3A6JM;
				GENERATE_INFOPLIST_FILE = YES;
				IPHONEOS_DEPLOYMENT_TARGET = 17.0;
				MARKETING_VERSION = 1.0;
				PRODUCT_BUNDLE_IDENTIFIER = com.aens.GetOverHereTests;
				PRODUCT_NAME = "$(TARGET_NAME)";
				STRING_CATALOG_GENERATE_SYMBOLS = NO;
				SWIFT_APPROACHABLE_CONCURRENCY = YES;
				SWIFT_EMIT_LOC_STRINGS = NO;
				SWIFT_UPCOMING_FEATURE_MEMBER_IMPORT_VISIBILITY = YES;
				SWIFT_VERSION = 5.0;
				TARGETED_DEVICE_FAMILY = "1,2";
				TEST_HOST = "$(BUILT_PRODUCTS_DIR)/GetOverHere.app/$(BUNDLE_EXECUTABLE_FOLDER_PATH)/GetOverHere";
			};
			name = Debug;
		};
		D95FA60E2F71F52200456E8F /* Release */ = {
			isa = XCBuildConfiguration;
			buildSettings = {
				BUNDLE_LOADER = "$(TEST_HOST)";
				CODE_SIGN_STYLE = Automatic;
				CURRENT_PROJECT_VERSION = 1;
				DEVELOPMENT_TEAM = VW9YC3A6JM;
				GENERATE_INFOPLIST_FILE = YES;
				IPHONEOS_DEPLOYMENT_TARGET = 17.0;
				MARKETING_VERSION = 1.0;
				PRODUCT_BUNDLE_IDENTIFIER = com.aens.GetOverHereTests;
				PRODUCT_NAME = "$(TARGET_NAME)";
				STRING_CATALOG_GENERATE_SYMBOLS = NO;
				SWIFT_APPROACHABLE_CONCURRENCY = YES;
				SWIFT_EMIT_LOC_STRINGS = NO;
				SWIFT_UPCOMING_FEATURE_MEMBER_IMPORT_VISIBILITY = YES;
				SWIFT_VERSION = 5.0;
				TARGETED_DEVICE_FAMILY = "1,2";
				TEST_HOST = "$(BUILT_PRODUCTS_DIR)/GetOverHere.app/$(BUNDLE_EXECUTABLE_FOLDER_PATH)/GetOverHere";
			};
			name = Release;
		};
		D95FA6102F71F52200456E8F /* Debug */ = {
			isa = XCBuildConfiguration;
			buildSettings = {
				CODE_SIGN_STYLE = Automatic;
				CURRENT_PROJECT_VERSION = 1;
				DEVELOPMENT_TEAM = VW9YC3A6JM;
				GENERATE_INFOPLIST_FILE = YES;
				MARKETING_VERSION = 1.0;
				PRODUCT_BUNDLE_IDENTIFIER = com.aens.GetOverHereUITests;
				PRODUCT_NAME = "$(TARGET_NAME)";
				STRING_CATALOG_GENERATE_SYMBOLS = NO;
				SWIFT_APPROACHABLE_CONCURRENCY = YES;
				SWIFT_EMIT_LOC_STRINGS = NO;
				SWIFT_UPCOMING_FEATURE_MEMBER_IMPORT_VISIBILITY = YES;
				SWIFT_VERSION = 5.0;
				TARGETED_DEVICE_FAMILY = "1,2";
				TEST_TARGET_NAME = GetOverHere;
			};
			name = Debug;
		};
		D95FA6112F71F52200456E8F /* Release */ = {
			isa = XCBuildConfiguration;
			buildSettings = {
				CODE_SIGN_STYLE = Automatic;
				CURRENT_PROJECT_VERSION = 1;
				DEVELOPMENT_TEAM = VW9YC3A6JM;
				GENERATE_INFOPLIST_FILE = YES;
				MARKETING_VERSION = 1.0;
				PRODUCT_BUNDLE_IDENTIFIER = com.aens.GetOverHereUITests;
				PRODUCT_NAME = "$(TARGET_NAME)";
				STRING_CATALOG_GENERATE_SYMBOLS = NO;
				SWIFT_APPROACHABLE_CONCURRENCY = YES;
				SWIFT_EMIT_LOC_STRINGS = NO;
				SWIFT_UPCOMING_FEATURE_MEMBER_IMPORT_VISIBILITY = YES;
				SWIFT_VERSION = 5.0;
				TARGETED_DEVICE_FAMILY = "1,2";
				TEST_TARGET_NAME = GetOverHere;
			};
			name = Release;
		};
/* End XCBuildConfiguration section */

/* Begin XCConfigurationList section */
		D95FA5E12F71F52100456E8F /* Build configuration list for PBXProject "GetOverHere" */ = {
			isa = XCConfigurationList;
			buildConfigurations = (
				D95FA6072F71F52200456E8F /* Debug */,
				D95FA6082F71F52200456E8F /* Release */,
			);
			defaultConfigurationIsVisible = 0;
			defaultConfigurationName = Release;
		};
		D95FA6092F71F52200456E8F /* Build configuration list for PBXNativeTarget "GetOverHere" */ = {
			isa = XCConfigurationList;
			buildConfigurations = (
				D95FA60A2F71F52200456E8F /* Debug */,
				D95FA60B2F71F52200456E8F /* Release */,
			);
			defaultConfigurationIsVisible = 0;
			defaultConfigurationName = Release;
		};
		D95FA60C2F71F52200456E8F /* Build configuration list for PBXNativeTarget "GetOverHereTests" */ = {
			isa = XCConfigurationList;
			buildConfigurations = (
				D95FA60D2F71F52200456E8F /* Debug */,
				D95FA60E2F71F52200456E8F /* Release */,
			);
			defaultConfigurationIsVisible = 0;
			defaultConfigurationName = Release;
		};
		D95FA60F2F71F52200456E8F /* Build configuration list for PBXNativeTarget "GetOverHereUITests" */ = {
			isa = XCConfigurationList;
			buildConfigurations = (
				D95FA6102F71F52200456E8F /* Debug */,
				D95FA6112F71F52200456E8F /* Release */,
			);
			defaultConfigurationIsVisible = 0;
			defaultConfigurationName = Release;
		};
/* End XCConfigurationList section */

/* Begin XCLocalSwiftPackageReference section */
		A30000000000000000000005 /* XCLocalSwiftPackageReference "../Packages/AppDebugControl" */ = {
			isa = XCLocalSwiftPackageReference;
			relativePath = ../Packages/AppDebugControl;
		};
		A10000000000000000000005 /* XCLocalSwiftPackageReference "../Packages/TourSessionCore" */ = {
			isa = XCLocalSwiftPackageReference;
			relativePath = ../Packages/TourSessionCore;
		};
/* End XCLocalSwiftPackageReference section */

/* Begin XCRemoteSwiftPackageReference section */
		A20000000000000000000005 /* XCRemoteSwiftPackageReference "maplibre-gl-native-distribution" */ = {
			isa = XCRemoteSwiftPackageReference;
			repositoryURL = "https://github.com/maplibre/maplibre-gl-native-distribution";
			requirement = {
				kind = exactVersion;
				version = 6.28.0;
			};
		};
/* End XCRemoteSwiftPackageReference section */

/* Begin XCSwiftPackageProductDependency section */
		A30000000000000000000003 /* AppDebugControl */ = {
			isa = XCSwiftPackageProductDependency;
			package = A30000000000000000000005 /* XCLocalSwiftPackageReference "../Packages/AppDebugControl" */;
			productName = AppDebugControl;
		};
		A10000000000000000000003 /* TourSessionCore */ = {
			isa = XCSwiftPackageProductDependency;
			package = A10000000000000000000005 /* XCLocalSwiftPackageReference "../Packages/TourSessionCore" */;
			productName = TourSessionCore;
		};
		A20000000000000000000003 /* MapLibre */ = {
			isa = XCSwiftPackageProductDependency;
			package = A20000000000000000000005 /* XCRemoteSwiftPackageReference "maplibre-gl-native-distribution" */;
			productName = MapLibre;
		};
/* End XCSwiftPackageProductDependency section */
	};
	rootObject = D95FA5DE2F71F52100456E8F /* Project object */;
}
